
Microsoft Visual Studio Solution File, Format Version 12.00
# Visual Studio 15
VisualStudioVersion = 15.0.28307.168
MinimumVisualStudioVersion = 10.0.40219.1
Project("{FAE04EC0-301F-11D3-BF4B-00C04F79EFBC}") = "PimBot", "PimBot\PimBot.csproj", "{21E0BCBD-201E-4B96-98F6-B293185C89CB}"
EndProject
Global
	GlobalSection(SolutionConfigurationPlatforms) = preSolution
		Debug|Any CPU = Debug|Any CPU
		Release|Any CPU = Release|Any CPU
	EndGlobalSection
	GlobalSection(ProjectConfigurationPlatforms) = postSolution
		{21E0BCBD-201E-4B96-98F6-B293185C89CB}.Debug|Any CPU.ActiveCfg = Debug|Any CPU
		{21E0BCBD-201E-4B96-98F6-B293185C89CB}.Debug|Any CPU.Build.0 = Debug|Any CPU
		{21E0BCBD-201E-4B96-98F6-B293185C89CB}.Release|Any CPU.ActiveCfg = Release|Any CPU
		{21E0BCBD-201E-4B96-98F6-B293185C89CB}.Release|Any CPU.Build.0 = Release|Any CPU
	EndGlobalSection
	GlobalSection(SolutionProperties) = preSolution
		HideSolutionNode = FALSE
	EndGlobalSection
	GlobalSection(ExtensibilityGlobals) = postSolution
		SolutionGuid = {FE1D0018-674F-449F-B97D-BCCB1ADFD02C}
	EndGlobalSection
EndGlobal
